
Microsoft Visual Studio Solution File, Format Version 12.00
# Visual Studio 15
VisualStudioVersion = 15.0.26403.7
MinimumVisualStudioVersion = 10.0.40219.1
Project("{FAE04EC0-301F-11D3-BF4B-00C04F79EFBC}") = "Opaalib.Messaging", "Opaalib.Messaging\Opaalib.Messaging.csproj", "{7627FB88-9943-487A-ACDB-CF65D9172EAF}"
EndProject
Project("{FAE04EC0-301F-11D3-BF4B-00C04F79EFBC}") = "Opaalib.OAuth", "Opaalib.OAuth\Opaalib.OAuth.csproj", "{231DB600-CA8A-4C77-A2DA-0A3995B8560D}"
EndProject
Project("{FAE04EC0-301F-11D3-BF4B-00C04F79EFBC}") = "Opaalib.Example", "Opaalib.Example\Opaalib.Example.csproj", "{46418532-A2D7-4530-AA44-D4AA9630A8E8}"
EndProject
Project("{FAE04EC0-301F-11D3-BF4B-00C04F79EFBC}") = "Opaalib.Shared", "Opaalib.Shared\Opaalib.Shared.csproj", "{26FC395E-542E-49E0-AFB8-EC90540087C7}"
EndProject
Project("{FAE04EC0-301F-11D3-BF4B-00C04F79EFBC}") = "Opaalib.Messaging.Tests", "Opaalib.Messaging.Tests\Opaalib.Messaging.Tests.csproj", "{2E3DF5C2-8A38-4A03-86D7-8D463C917E47}"
EndProject
Project("{2150E333-8FDC-42A3-9474-1A3956D46DE8}") = "Solution Items", "Solution Items", "{650D9899-6A4F-48BF-B138-F6D69AF03F02}"
	ProjectSection(SolutionItems) = preProject
		README.md = README.md
	EndProjectSection
EndProject
Global
	GlobalSection(SolutionConfigurationPlatforms) = preSolution
		Debug|Any CPU = Debug|Any CPU
		Release|Any CPU = Release|Any CPU
	EndGlobalSection
	GlobalSection(ProjectConfigurationPlatforms) = postSolution
		{7627FB88-9943-487A-ACDB-CF65D9172EAF}.Debug|Any CPU.ActiveCfg = Debug|Any CPU
		{7627FB88-9943-487A-ACDB-CF65D9172EAF}.Debug|Any CPU.Build.0 = Debug|Any CPU
		{7627FB88-9943-487A-ACDB-CF65D9172EAF}.Release|Any CPU.ActiveCfg = Release|Any CPU
		{7627FB88-9943-487A-ACDB-CF65D9172EAF}.Release|Any CPU.Build.0 = Release|Any CPU
		{231DB600-CA8A-4C77-A2DA-0A3995B8560D}.Debug|Any CPU.ActiveCfg = Debug|Any CPU
		{231DB600-CA8A-4C77-A2DA-0A3995B8560D}.Debug|Any CPU.Build.0 = Debug|Any CPU
		{231DB600-CA8A-4C77-A2DA-0A3995B8560D}.Release|Any CPU.ActiveCfg = Release|Any CPU
		{231DB600-CA8A-4C77-A2DA-0A3995B8560D}.Release|Any CPU.Build.0 = Release|Any CPU
		{46418532-A2D7-4530-AA44-D4AA9630A8E8}.Debug|Any CPU.ActiveCfg = Debug|Any CPU
		{46418532-A2D7-4530-AA44-D4AA9630A8E8}.Debug|Any CPU.Build.0 = Debug|Any CPU
		{46418532-A2D7-4530-AA44-D4AA9630A8E8}.Release|Any CPU.ActiveCfg = Release|Any CPU
		{46418532-A2D7-4530-AA44-D4AA9630A8E8}.Release|Any CPU.Build.0 = Release|Any CPU
		{26FC395E-542E-49E0-AFB8-EC90540087C7}.Debug|Any CPU.ActiveCfg = Debug|Any CPU
		{26FC395E-542E-49E0-AFB8-EC90540087C7}.Debug|Any CPU.Build.0 = Debug|Any CPU
		{26FC395E-542E-49E0-AFB8-EC90540087C7}.Release|Any CPU.ActiveCfg = Release|Any CPU
		{26FC395E-542E-49E0-AFB8-EC90540087C7}.Release|Any CPU.Build.0 = Release|Any CPU
		{2E3DF5C2-8A38-4A03-86D7-8D463C917E47}.Debug|Any CPU.ActiveCfg = Debug|Any CPU
		{2E3DF5C2-8A38-4A03-86D7-8D463C917E47}.Debug|Any CPU.Build.0 = Debug|Any CPU
		{2E3DF5C2-8A38-4A03-86D7-8D463C917E47}.Release|Any CPU.ActiveCfg = Release|Any CPU
		{2E3DF5C2-8A38-4A03-86D7-8D463C917E47}.Release|Any CPU.Build.0 = Release|Any CPU
	EndGlobalSection
	GlobalSection(SolutionProperties) = preSolution
		HideSolutionNode = FALSE
	EndGlobalSection
EndGlobal
