
Microsoft Visual Studio Solution File, Format Version 12.00
# Visual Studio 14
VisualStudioVersion = 14.0.25123.0
MinimumVisualStudioVersion = 10.0.40219.1
Project("{FAE04EC0-301F-11D3-BF4B-00C04F79EFBC}") = "SoneraOMA.Messaging", "SoneraOMA.Messaging\SoneraOMA.Messaging.csproj", "{7627FB88-9943-487A-ACDB-CF65D9172EAF}"
EndProject
Project("{FAE04EC0-301F-11D3-BF4B-00C04F79EFBC}") = "SoneraOMA.OAuth", "SoneraOMA.OAuth\SoneraOMA.OAuth.csproj", "{231DB600-CA8A-4C77-A2DA-0A3995B8560D}"
EndProject
Project("{FAE04EC0-301F-11D3-BF4B-00C04F79EFBC}") = "SoneraOMA.Example", "SoneraOMA.Example\SoneraOMA.Example.csproj", "{46418532-A2D7-4530-AA44-D4AA9630A8E8}"
EndProject
Project("{FAE04EC0-301F-11D3-BF4B-00C04F79EFBC}") = "SoneraOMA.Shared", "SoneraOMA.Shared\SoneraOMA.Shared.csproj", "{26FC395E-542E-49E0-AFB8-EC90540087C7}"
EndProject
Project("{FAE04EC0-301F-11D3-BF4B-00C04F79EFBC}") = "SoneraOMA.Messaging.Tests", "SoneraOMA.Messaging.Tests\SoneraOMA.Messaging.Tests.csproj", "{2E3DF5C2-8A38-4A03-86D7-8D463C917E47}"
EndProject
Global
	GlobalSection(SolutionConfigurationPlatforms) = preSolution
		Debug|Any CPU = Debug|Any CPU
		Release|Any CPU = Release|Any CPU
	EndGlobalSection
	GlobalSection(ProjectConfigurationPlatforms) = postSolution
		{7627FB88-9943-487A-ACDB-CF65D9172EAF}.Debug|Any CPU.ActiveCfg = Debug|Any CPU
		{7627FB88-9943-487A-ACDB-CF65D9172EAF}.Debug|Any CPU.Build.0 = Debug|Any CPU
		{7627FB88-9943-487A-ACDB-CF65D9172EAF}.Release|Any CPU.ActiveCfg = Release|Any CPU
		{7627FB88-9943-487A-ACDB-CF65D9172EAF}.Release|Any CPU.Build.0 = Release|Any CPU
		{231DB600-CA8A-4C77-A2DA-0A3995B8560D}.Debug|Any CPU.ActiveCfg = Debug|Any CPU
		{231DB600-CA8A-4C77-A2DA-0A3995B8560D}.Debug|Any CPU.Build.0 = Debug|Any CPU
		{231DB600-CA8A-4C77-A2DA-0A3995B8560D}.Release|Any CPU.ActiveCfg = Release|Any CPU
		{231DB600-CA8A-4C77-A2DA-0A3995B8560D}.Release|Any CPU.Build.0 = Release|Any CPU
		{46418532-A2D7-4530-AA44-D4AA9630A8E8}.Debug|Any CPU.ActiveCfg = Debug|Any CPU
		{46418532-A2D7-4530-AA44-D4AA9630A8E8}.Debug|Any CPU.Build.0 = Debug|Any CPU
		{46418532-A2D7-4530-AA44-D4AA9630A8E8}.Release|Any CPU.ActiveCfg = Release|Any CPU
		{46418532-A2D7-4530-AA44-D4AA9630A8E8}.Release|Any CPU.Build.0 = Release|Any CPU
		{26FC395E-542E-49E0-AFB8-EC90540087C7}.Debug|Any CPU.ActiveCfg = Debug|Any CPU
		{26FC395E-542E-49E0-AFB8-EC90540087C7}.Debug|Any CPU.Build.0 = Debug|Any CPU
		{26FC395E-542E-49E0-AFB8-EC90540087C7}.Release|Any CPU.ActiveCfg = Release|Any CPU
		{26FC395E-542E-49E0-AFB8-EC90540087C7}.Release|Any CPU.Build.0 = Release|Any CPU
		{2E3DF5C2-8A38-4A03-86D7-8D463C917E47}.Debug|Any CPU.ActiveCfg = Debug|Any CPU
		{2E3DF5C2-8A38-4A03-86D7-8D463C917E47}.Debug|Any CPU.Build.0 = Debug|Any CPU
		{2E3DF5C2-8A38-4A03-86D7-8D463C917E47}.Release|Any CPU.ActiveCfg = Release|Any CPU
		{2E3DF5C2-8A38-4A03-86D7-8D463C917E47}.Release|Any CPU.Build.0 = Release|Any CPU
	EndGlobalSection
	GlobalSection(SolutionProperties) = preSolution
		HideSolutionNode = FALSE
	EndGlobalSection
EndGlobal
